// !$*UTF8*$!
{
	archiveVersion = 1;
	classes = {
	};
	objectVersion = 46;
	objects = {

/* Begin PBXBuildFile section */
		185980AE169F4D7A0069556C /* RSSCell.m in Sources */ = {isa = PBXBuildFile; fileRef = 185980AD169F4D790069556C /* RSSCell.m */; };
		185980B6169F55030069556C /* RSSDetailViewController.m in Sources */ = {isa = PBXBuildFile; fileRef = 185980B5169F55030069556C /* RSSDetailViewController.m */; };
		189C33A6169C9B4800EFE673 /* UIKit.framework in Frameworks */ = {isa = PBXBuildFile; fileRef = 189C33A5169C9B4800EFE673 /* UIKit.framework */; };
		189C33A8169C9B4800EFE673 /* Foundation.framework in Frameworks */ = {isa = PBXBuildFile; fileRef = 189C33A7169C9B4800EFE673 /* Foundation.framework */; };
		189C33AA169C9B4800EFE673 /* CoreGraphics.framework in Frameworks */ = {isa = PBXBuildFile; fileRef = 189C33A9169C9B4800EFE673 /* CoreGraphics.framework */; };
		189C33B0169C9B4800EFE673 /* InfoPlist.strings in Resources */ = {isa = PBXBuildFile; fileRef = 189C33AE169C9B4800EFE673 /* InfoPlist.strings */; };
		189C33B2169C9B4800EFE673 /* main.m in Sources */ = {isa = PBXBuildFile; fileRef = 189C33B1169C9B4800EFE673 /* main.m */; };
		189C33B6169C9B4900EFE673 /* AppDelegate.m in Sources */ = {isa = PBXBuildFile; fileRef = 189C33B5169C9B4900EFE673 /* AppDelegate.m */; };
		189C33B8169C9B4900EFE673 /* Default.png in Resources */ = {isa = PBXBuildFile; fileRef = 189C33B7169C9B4900EFE673 /* Default.png */; };
		189C33BA169C9B4900EFE673 /* Default@2x.png in Resources */ = {isa = PBXBuildFile; fileRef = 189C33B9169C9B4900EFE673 /* Default@2x.png */; };
		189C33BC169C9B4900EFE673 /* Default-568h@2x.png in Resources */ = {isa = PBXBuildFile; fileRef = 189C33BB169C9B4900EFE673 /* Default-568h@2x.png */; };
		189C33BF169C9B4900EFE673 /* MainStoryboard_iPhone.storyboard in Resources */ = {isa = PBXBuildFile; fileRef = 189C33BD169C9B4900EFE673 /* MainStoryboard_iPhone.storyboard */; };
		189C33DC169CA17200EFE673 /* DivRssApi.m in Sources */ = {isa = PBXBuildFile; fileRef = 189C33DB169CA17200EFE673 /* DivRssApi.m */; };
		189C33E1169CA53F00EFE673 /* RssViewController.m in Sources */ = {isa = PBXBuildFile; fileRef = 189C33E0169CA53F00EFE673 /* RssViewController.m */; };
		189C33E8169CA7DF00EFE673 /* RSSReader.png in Resources */ = {isa = PBXBuildFile; fileRef = 189C33E6169CA7DF00EFE673 /* RSSReader.png */; };
		189C33E9169CA7DF00EFE673 /* RSSReader@2x.png in Resources */ = {isa = PBXBuildFile; fileRef = 189C33E7169CA7DF00EFE673 /* RSSReader@2x.png */; };
		189C33EB169CAB7400EFE673 /* NewsReader.png in Resources */ = {isa = PBXBuildFile; fileRef = 189C33EA169CAB7400EFE673 /* NewsReader.png */; };
		189C33ED169CAB8100EFE673 /* NewsReader@2x.png in Resources */ = {isa = PBXBuildFile; fileRef = 189C33EC169CAB8100EFE673 /* NewsReader@2x.png */; };
		189C33EF169CAC6500EFE673 /* RSSReaderIcon.png in Resources */ = {isa = PBXBuildFile; fileRef = 189C33EE169CAC6500EFE673 /* RSSReaderIcon.png */; };
		189C33FC169CAFF900EFE673 /* CoreData.framework in Frameworks */ = {isa = PBXBuildFile; fileRef = 189C33FB169CAFF900EFE673 /* CoreData.framework */; };
		189C3402169CB16400EFE673 /* DataSource.m in Sources */ = {isa = PBXBuildFile; fileRef = 189C3401169CB16400EFE673 /* DataSource.m */; };
		189C3405169CB44E00EFE673 /* DivRss.xcdatamodeld in Sources */ = {isa = PBXBuildFile; fileRef = 189C3403169CB44E00EFE673 /* DivRss.xcdatamodeld */; };
		189C3408169CBAF600EFE673 /* DivRssDataSource.m in Sources */ = {isa = PBXBuildFile; fileRef = 189C3407169CBAF600EFE673 /* DivRssDataSource.m */; };
		18D29C8B169E0FD1006A107B /* RSSItem.m in Sources */ = {isa = PBXBuildFile; fileRef = 18D29C8A169E0FD1006A107B /* RSSItem.m */; };
		18D29C99169E19EF006A107B /* SystemConfiguration.framework in Frameworks */ = {isa = PBXBuildFile; fileRef = 18D29C98169E19EF006A107B /* SystemConfiguration.framework */; };
		18D29C9B169E1A8C006A107B /* MobileCoreServices.framework in Frameworks */ = {isa = PBXBuildFile; fileRef = 18D29C9A169E1A8C006A107B /* MobileCoreServices.framework */; };
		DB76DC193C834B36A9FB74EC /* libPods.a in Frameworks */ = {isa = PBXBuildFile; fileRef = E61E7EC37A9C4C6FA06FBBA1 /* libPods.a */; };
/* End PBXBuildFile section */

/* Begin PBXFileReference section */
		0BD8A615C145409CA35D99D0 /* Pods.xcconfig */ = {isa = PBXFileReference; includeInIndex = 1; lastKnownFileType = text.xcconfig; name = Pods.xcconfig; path = Pods/Pods.xcconfig; sourceTree = SOURCE_ROOT; };
		185980AC169F4D790069556C /* RSSCell.h */ = {isa = PBXFileReference; fileEncoding = 4; lastKnownFileType = sourcecode.c.h; name = RSSCell.h; path = UI/Cell/RSSCell.h; sourceTree = "<group>"; };
		185980AD169F4D790069556C /* RSSCell.m */ = {isa = PBXFileReference; fileEncoding = 4; lastKnownFileType = sourcecode.c.objc; name = RSSCell.m; path = UI/Cell/RSSCell.m; sourceTree = "<group>"; };
		185980B4169F55030069556C /* RSSDetailViewController.h */ = {isa = PBXFileReference; fileEncoding = 4; lastKnownFileType = sourcecode.c.h; name = RSSDetailViewController.h; path = UI/RSSDetailViewController.h; sourceTree = "<group>"; };
		185980B5169F55030069556C /* RSSDetailViewController.m */ = {isa = PBXFileReference; fileEncoding = 4; lastKnownFileType = sourcecode.c.objc; name = RSSDetailViewController.m; path = UI/RSSDetailViewController.m; sourceTree = "<group>"; };
		189C33A1169C9B4800EFE673 /* DivRssReader.app */ = {isa = PBXFileReference; explicitFileType = wrapper.application; includeInIndex = 0; path = DivRssReader.app; sourceTree = BUILT_PRODUCTS_DIR; };
		189C33A5169C9B4800EFE673 /* UIKit.framework */ = {isa = PBXFileReference; includeInIndex = 1; lastKnownFileType = wrapper.framework; name = UIKit.framework; path = System/Library/Frameworks/UIKit.framework; sourceTree = SDKROOT; };
		189C33A7169C9B4800EFE673 /* Foundation.framework */ = {isa = PBXFileReference; includeInIndex = 1; lastKnownFileType = wrapper.framework; name = Foundation.framework; path = System/Library/Frameworks/Foundation.framework; sourceTree = SDKROOT; };
		189C33A9169C9B4800EFE673 /* CoreGraphics.framework */ = {isa = PBXFileReference; includeInIndex = 1; lastKnownFileType = wrapper.framework; name = CoreGraphics.framework; path = System/Library/Frameworks/CoreGraphics.framework; sourceTree = SDKROOT; };
		189C33AD169C9B4800EFE673 /* DivRssReader-Info.plist */ = {isa = PBXFileReference; lastKnownFileType = text.plist.xml; path = "DivRssReader-Info.plist"; sourceTree = "<group>"; };
		189C33AF169C9B4800EFE673 /* en */ = {isa = PBXFileReference; lastKnownFileType = text.plist.strings; name = en; path = en.lproj/InfoPlist.strings; sourceTree = "<group>"; };
		189C33B1169C9B4800EFE673 /* main.m */ = {isa = PBXFileReference; lastKnownFileType = sourcecode.c.objc; path = main.m; sourceTree = "<group>"; };
		189C33B3169C9B4800EFE673 /* DivRssReader-Prefix.pch */ = {isa = PBXFileReference; lastKnownFileType = sourcecode.c.h; path = "DivRssReader-Prefix.pch"; sourceTree = "<group>"; };
		189C33B4169C9B4900EFE673 /* AppDelegate.h */ = {isa = PBXFileReference; lastKnownFileType = sourcecode.c.h; path = AppDelegate.h; sourceTree = "<group>"; };
		189C33B5169C9B4900EFE673 /* AppDelegate.m */ = {isa = PBXFileReference; lastKnownFileType = sourcecode.c.objc; path = AppDelegate.m; sourceTree = "<group>"; };
		189C33B7169C9B4900EFE673 /* Default.png */ = {isa = PBXFileReference; lastKnownFileType = image.png; path = Default.png; sourceTree = "<group>"; };
		189C33B9169C9B4900EFE673 /* Default@2x.png */ = {isa = PBXFileReference; lastKnownFileType = image.png; path = "Default@2x.png"; sourceTree = "<group>"; };
		189C33BB169C9B4900EFE673 /* Default-568h@2x.png */ = {isa = PBXFileReference; lastKnownFileType = image.png; path = "Default-568h@2x.png"; sourceTree = "<group>"; };
		189C33BE169C9B4900EFE673 /* en */ = {isa = PBXFileReference; lastKnownFileType = file.storyboard; name = en; path = en.lproj/MainStoryboard_iPhone.storyboard; sourceTree = "<group>"; };
		189C33DA169CA17200EFE673 /* DivRssApi.h */ = {isa = PBXFileReference; fileEncoding = 4; lastKnownFileType = sourcecode.c.h; name = DivRssApi.h; path = Model/API/DivRssApi.h; sourceTree = "<group>"; };
		189C33DB169CA17200EFE673 /* DivRssApi.m */ = {isa = PBXFileReference; fileEncoding = 4; lastKnownFileType = sourcecode.c.objc; name = DivRssApi.m; path = Model/API/DivRssApi.m; sourceTree = "<group>"; };
		189C33DF169CA53F00EFE673 /* RssViewController.h */ = {isa = PBXFileReference; fileEncoding = 4; lastKnownFileType = sourcecode.c.h; name = RssViewController.h; path = UI/RssViewController.h; sourceTree = "<group>"; };
		189C33E0169CA53F00EFE673 /* RssViewController.m */ = {isa = PBXFileReference; fileEncoding = 4; lastKnownFileType = sourcecode.c.objc; name = RssViewController.m; path = UI/RssViewController.m; sourceTree = "<group>"; };
		189C33E6169CA7DF00EFE673 /* RSSReader.png */ = {isa = PBXFileReference; lastKnownFileType = image.png; name = RSSReader.png; path = images/RSSReader.png; sourceTree = "<group>"; };
		189C33E7169CA7DF00EFE673 /* RSSReader@2x.png */ = {isa = PBXFileReference; lastKnownFileType = image.png; name = "RSSReader@2x.png"; path = "images/RSSReader@2x.png"; sourceTree = "<group>"; };
		189C33EA169CAB7400EFE673 /* NewsReader.png */ = {isa = PBXFileReference; lastKnownFileType = image.png; name = NewsReader.png; path = images/NewsReader.png; sourceTree = "<group>"; };
		189C33EC169CAB8100EFE673 /* NewsReader@2x.png */ = {isa = PBXFileReference; lastKnownFileType = image.png; name = "NewsReader@2x.png"; path = "images/NewsReader@2x.png"; sourceTree = "<group>"; };
		189C33EE169CAC6500EFE673 /* RSSReaderIcon.png */ = {isa = PBXFileReference; lastKnownFileType = image.png; name = RSSReaderIcon.png; path = ../RSSReaderIcon.png; sourceTree = "<group>"; };
		189C33FB169CAFF900EFE673 /* CoreData.framework */ = {isa = PBXFileReference; lastKnownFileType = wrapper.framework; name = CoreData.framework; path = System/Library/Frameworks/CoreData.framework; sourceTree = SDKROOT; };
		189C33FF169CB07E00EFE673 /* Config.h */ = {isa = PBXFileReference; lastKnownFileType = sourcecode.c.h; path = Config.h; sourceTree = "<group>"; };
		189C3400169CB16400EFE673 /* DataSource.h */ = {isa = PBXFileReference; fileEncoding = 4; lastKnownFileType = sourcecode.c.h; name = DataSource.h; path = Model/DB/DataSource.h; sourceTree = "<group>"; };
		189C3401169CB16400EFE673 /* DataSource.m */ = {isa = PBXFileReference; fileEncoding = 4; lastKnownFileType = sourcecode.c.objc; name = DataSource.m; path = Model/DB/DataSource.m; sourceTree = "<group>"; };
		189C3404169CB44E00EFE673 /* DivRss.xcdatamodel */ = {isa = PBXFileReference; lastKnownFileType = wrapper.xcdatamodel; path = DivRss.xcdatamodel; sourceTree = "<group>"; };
		189C3406169CBAF500EFE673 /* DivRssDataSource.h */ = {isa = PBXFileReference; fileEncoding = 4; lastKnownFileType = sourcecode.c.h; name = DivRssDataSource.h; path = Model/DB/DivRssDataSource.h; sourceTree = "<group>"; };
		189C3407169CBAF600EFE673 /* DivRssDataSource.m */ = {isa = PBXFileReference; fileEncoding = 4; lastKnownFileType = sourcecode.c.objc; name = DivRssDataSource.m; path = Model/DB/DivRssDataSource.m; sourceTree = "<group>"; };
		18D29C89169E0FD1006A107B /* RSSItem.h */ = {isa = PBXFileReference; fileEncoding = 4; lastKnownFileType = sourcecode.c.h; name = RSSItem.h; path = Model/DBObjects/RSSItem.h; sourceTree = "<group>"; };
		18D29C8A169E0FD1006A107B /* RSSItem.m */ = {isa = PBXFileReference; fileEncoding = 4; lastKnownFileType = sourcecode.c.objc; name = RSSItem.m; path = Model/DBObjects/RSSItem.m; sourceTree = "<group>"; };
		18D29C98169E19EF006A107B /* SystemConfiguration.framework */ = {isa = PBXFileReference; lastKnownFileType = wrapper.framework; name = SystemConfiguration.framework; path = System/Library/Frameworks/SystemConfiguration.framework; sourceTree = SDKROOT; };
		18D29C9A169E1A8C006A107B /* MobileCoreServices.framework */ = {isa = PBXFileReference; lastKnownFileType = wrapper.framework; name = MobileCoreServices.framework; path = System/Library/Frameworks/MobileCoreServices.framework; sourceTree = SDKROOT; };
		E61E7EC37A9C4C6FA06FBBA1 /* libPods.a */ = {isa = PBXFileReference; explicitFileType = archive.ar; includeInIndex = 0; path = libPods.a; sourceTree = BUILT_PRODUCTS_DIR; };
/* End PBXFileReference section */

/* Begin PBXFrameworksBuildPhase section */
		189C339E169C9B4800EFE673 /* Frameworks */ = {
			isa = PBXFrameworksBuildPhase;
			buildActionMask = 2147483647;
			files = (
				18D29C9B169E1A8C006A107B /* MobileCoreServices.framework in Frameworks */,
				18D29C99169E19EF006A107B /* SystemConfiguration.framework in Frameworks */,
				189C33FC169CAFF900EFE673 /* CoreData.framework in Frameworks */,
				189C33A6169C9B4800EFE673 /* UIKit.framework in Frameworks */,
				189C33A8169C9B4800EFE673 /* Foundation.framework in Frameworks */,
				189C33AA169C9B4800EFE673 /* CoreGraphics.framework in Frameworks */,
				DB76DC193C834B36A9FB74EC /* libPods.a in Frameworks */,
			);
			runOnlyForDeploymentPostprocessing = 0;
		};
/* End PBXFrameworksBuildPhase section */

/* Begin PBXGroup section */
		185980B0169F4D820069556C /* Cell */ = {
			isa = PBXGroup;
			children = (
				185980AC169F4D790069556C /* RSSCell.h */,
				185980AD169F4D790069556C /* RSSCell.m */,
			);
			name = Cell;
			sourceTree = "<group>";
		};
		189C3396169C9B4800EFE673 = {
			isa = PBXGroup;
			children = (
				189C33AB169C9B4800EFE673 /* DivRssReader */,
				189C33A4169C9B4800EFE673 /* Frameworks */,
				189C33A2169C9B4800EFE673 /* Products */,
				0BD8A615C145409CA35D99D0 /* Pods.xcconfig */,
			);
			sourceTree = "<group>";
		};
		189C33A2169C9B4800EFE673 /* Products */ = {
			isa = PBXGroup;
			children = (
				189C33A1169C9B4800EFE673 /* DivRssReader.app */,
			);
			name = Products;
			sourceTree = "<group>";
		};
		189C33A4169C9B4800EFE673 /* Frameworks */ = {
			isa = PBXGroup;
			children = (
				18D29C9A169E1A8C006A107B /* MobileCoreServices.framework */,
				18D29C98169E19EF006A107B /* SystemConfiguration.framework */,
				189C33FB169CAFF900EFE673 /* CoreData.framework */,
				189C33A5169C9B4800EFE673 /* UIKit.framework */,
				189C33A7169C9B4800EFE673 /* Foundation.framework */,
				189C33A9169C9B4800EFE673 /* CoreGraphics.framework */,
				E61E7EC37A9C4C6FA06FBBA1 /* libPods.a */,
			);
			name = Frameworks;
			sourceTree = "<group>";
		};
		189C33AB169C9B4800EFE673 /* DivRssReader */ = {
			isa = PBXGroup;
			children = (
				189C33FE169CB04300EFE673 /* Settings */,
				189C33D9169CA12D00EFE673 /* UI */,
				189C33D6169CA0FD00EFE673 /* Model */,
				189C33B4169C9B4900EFE673 /* AppDelegate.h */,
				189C33B5169C9B4900EFE673 /* AppDelegate.m */,
				189C33BD169C9B4900EFE673 /* MainStoryboard_iPhone.storyboard */,
				189C33AC169C9B4800EFE673 /* Supporting Files */,
			);
			path = DivRssReader;
			sourceTree = "<group>";
		};
		189C33AC169C9B4800EFE673 /* Supporting Files */ = {
			isa = PBXGroup;
			children = (
				189C33DD169CA18D00EFE673 /* Images */,
				189C33AD169C9B4800EFE673 /* DivRssReader-Info.plist */,
				189C33AE169C9B4800EFE673 /* InfoPlist.strings */,
				189C33B1169C9B4800EFE673 /* main.m */,
				189C33B3169C9B4800EFE673 /* DivRssReader-Prefix.pch */,
				189C33B7169C9B4900EFE673 /* Default.png */,
				189C33B9169C9B4900EFE673 /* Default@2x.png */,
				189C33BB169C9B4900EFE673 /* Default-568h@2x.png */,
				189C3403169CB44E00EFE673 /* DivRss.xcdatamodeld */,
			);
			name = "Supporting Files";
			sourceTree = "<group>";
		};
		189C33D6169CA0FD00EFE673 /* Model */ = {
			isa = PBXGroup;
			children = (
				189C3447169DFD4800EFE673 /* DBObjects */,
				189C33DE169CA1BF00EFE673 /* DBApi */,
				189C33D8169CA12000EFE673 /* API */,
			);
			name = Model;
			sourceTree = "<group>";
		};
		189C33D8169CA12000EFE673 /* API */ = {
			isa = PBXGroup;
			children = (
				189C33DA169CA17200EFE673 /* DivRssApi.h */,
				189C33DB169CA17200EFE673 /* DivRssApi.m */,
			);
			name = API;
			sourceTree = "<group>";
		};
		189C33D9169CA12D00EFE673 /* UI */ = {
			isa = PBXGroup;
			children = (
				185980B0169F4D820069556C /* Cell */,
				189C33DF169CA53F00EFE673 /* RssViewController.h */,
				189C33E0169CA53F00EFE673 /* RssViewController.m */,
				185980B4169F55030069556C /* RSSDetailViewController.h */,
				185980B5169F55030069556C /* RSSDetailViewController.m */,
			);
			name = UI;
			sourceTree = "<group>";
		};
		189C33DD169CA18D00EFE673 /* Images */ = {
			isa = PBXGroup;
			children = (
				189C33EE169CAC6500EFE673 /* RSSReaderIcon.png */,
				189C33EC169CAB8100EFE673 /* NewsReader@2x.png */,
				189C33EA169CAB7400EFE673 /* NewsReader.png */,
				189C33E6169CA7DF00EFE673 /* RSSReader.png */,
				189C33E7169CA7DF00EFE673 /* RSSReader@2x.png */,
			);
			name = Images;
			sourceTree = "<group>";
		};
		189C33DE169CA1BF00EFE673 /* DBApi */ = {
			isa = PBXGroup;
			children = (
				189C3400169CB16400EFE673 /* DataSource.h */,
				189C3401169CB16400EFE673 /* DataSource.m */,
				189C3406169CBAF500EFE673 /* DivRssDataSource.h */,
				189C3407169CBAF600EFE673 /* DivRssDataSource.m */,
			);
			name = DBApi;
			sourceTree = "<group>";
		};
		189C33FE169CB04300EFE673 /* Settings */ = {
			isa = PBXGroup;
			children = (
				189C33FF169CB07E00EFE673 /* Config.h */,
			);
			name = Settings;
			sourceTree = "<group>";
		};
		189C3447169DFD4800EFE673 /* DBObjects */ = {
			isa = PBXGroup;
			children = (
				18D29C89169E0FD1006A107B /* RSSItem.h */,
				18D29C8A169E0FD1006A107B /* RSSItem.m */,
			);
			name = DBObjects;
			sourceTree = "<group>";
		};
/* End PBXGroup section */

/* Begin PBXNativeTarget section */
		189C33A0169C9B4800EFE673 /* DivRssReader */ = {
			isa = PBXNativeTarget;
			buildConfigurationList = 189C33D3169C9B4900EFE673 /* Build configuration list for PBXNativeTarget "DivRssReader" */;
			buildPhases = (
				189C339D169C9B4800EFE673 /* Sources */,
				189C339E169C9B4800EFE673 /* Frameworks */,
				189C339F169C9B4800EFE673 /* Resources */,
				07177B1B30614EC78CE3B8FB /* Copy Pods Resources */,
			);
			buildRules = (
			);
			dependencies = (
			);
			name = DivRssReader;
			productName = DivRssReader;
			productReference = 189C33A1169C9B4800EFE673 /* DivRssReader.app */;
			productType = "com.apple.product-type.application";
		};
/* End PBXNativeTarget section */

/* Begin PBXProject section */
		189C3398169C9B4800EFE673 /* Project object */ = {
			isa = PBXProject;
			attributes = {
				LastUpgradeCheck = 0450;
				ORGANIZATIONNAME = "Artem Kislitsyn";
			};
			buildConfigurationList = 189C339B169C9B4800EFE673 /* Build configuration list for PBXProject "DivRssReader" */;
			compatibilityVersion = "Xcode 3.2";
			developmentRegion = English;
			hasScannedForEncodings = 0;
			knownRegions = (
				en,
			);
			mainGroup = 189C3396169C9B4800EFE673;
			productRefGroup = 189C33A2169C9B4800EFE673 /* Products */;
			projectDirPath = "";
			projectRoot = "";
			targets = (
				189C33A0169C9B4800EFE673 /* DivRssReader */,
			);
		};
/* End PBXProject section */

/* Begin PBXResourcesBuildPhase section */
		189C339F169C9B4800EFE673 /* Resources */ = {
			isa = PBXResourcesBuildPhase;
			buildActionMask = 2147483647;
			files = (
				189C33B0169C9B4800EFE673 /* InfoPlist.strings in Resources */,
				189C33B8169C9B4900EFE673 /* Default.png in Resources */,
				189C33BA169C9B4900EFE673 /* Default@2x.png in Resources */,
				189C33BC169C9B4900EFE673 /* Default-568h@2x.png in Resources */,
				189C33BF169C9B4900EFE673 /* MainStoryboard_iPhone.storyboard in Resources */,
				189C33E8169CA7DF00EFE673 /* RSSReader.png in Resources */,
				189C33E9169CA7DF00EFE673 /* RSSReader@2x.png in Resources */,
				189C33EB169CAB7400EFE673 /* NewsReader.png in Resources */,
				189C33ED169CAB8100EFE673 /* NewsReader@2x.png in Resources */,
				189C33EF169CAC6500EFE673 /* RSSReaderIcon.png in Resources */,
			);
			runOnlyForDeploymentPostprocessing = 0;
		};
/* End PBXResourcesBuildPhase section */

/* Begin PBXShellScriptBuildPhase section */
		07177B1B30614EC78CE3B8FB /* Copy Pods Resources */ = {
			isa = PBXShellScriptBuildPhase;
			buildActionMask = 2147483647;
			files = (
			);
			inputPaths = (
			);
			name = "Copy Pods Resources";
			outputPaths = (
			);
			runOnlyForDeploymentPostprocessing = 0;
			shellPath = /bin/sh;
			shellScript = "\"${SRCROOT}/Pods/Pods-resources.sh\"\n";
		};
/* End PBXShellScriptBuildPhase section */

/* Begin PBXSourcesBuildPhase section */
		189C339D169C9B4800EFE673 /* Sources */ = {
			isa = PBXSourcesBuildPhase;
			buildActionMask = 2147483647;
			files = (
				189C33B2169C9B4800EFE673 /* main.m in Sources */,
				189C33B6169C9B4900EFE673 /* AppDelegate.m in Sources */,
				189C33DC169CA17200EFE673 /* DivRssApi.m in Sources */,
				189C33E1169CA53F00EFE673 /* RssViewController.m in Sources */,
				189C3402169CB16400EFE673 /* DataSource.m in Sources */,
				189C3405169CB44E00EFE673 /* DivRss.xcdatamodeld in Sources */,
				189C3408169CBAF600EFE673 /* DivRssDataSource.m in Sources */,
				18D29C8B169E0FD1006A107B /* RSSItem.m in Sources */,
				185980AE169F4D7A0069556C /* RSSCell.m in Sources */,
				185980B6169F55030069556C /* RSSDetailViewController.m in Sources */,
			);
			runOnlyForDeploymentPostprocessing = 0;
		};
/* End PBXSourcesBuildPhase section */

/* Begin PBXVariantGroup section */
		189C33AE169C9B4800EFE673 /* InfoPlist.strings */ = {
			isa = PBXVariantGroup;
			children = (
				189C33AF169C9B4800EFE673 /* en */,
			);
			name = InfoPlist.strings;
			sourceTree = "<group>";
		};
		189C33BD169C9B4900EFE673 /* MainStoryboard_iPhone.storyboard */ = {
			isa = PBXVariantGroup;
			children = (
				189C33BE169C9B4900EFE673 /* en */,
			);
			name = MainStoryboard_iPhone.storyboard;
			sourceTree = "<group>";
		};
/* End PBXVariantGroup section */

/* Begin XCBuildConfiguration section */
		189C33D1169C9B4900EFE673 /* Debug */ = {
			isa = XCBuildConfiguration;
			buildSettings = {
				ALWAYS_SEARCH_USER_PATHS = NO;
				CLANG_CXX_LANGUAGE_STANDARD = "gnu++0x";
				CLANG_CXX_LIBRARY = "libc++";
				CLANG_ENABLE_OBJC_ARC = YES;
				CLANG_WARN_EMPTY_BODY = YES;
				CLANG_WARN__DUPLICATE_METHOD_MATCH = YES;
				"CODE_SIGN_IDENTITY[sdk=iphoneos*]" = "iPhone Developer";
				COPY_PHASE_STRIP = NO;
				GCC_C_LANGUAGE_STANDARD = gnu99;
				GCC_DYNAMIC_NO_PIC = NO;
				GCC_OPTIMIZATION_LEVEL = 0;
				GCC_PREPROCESSOR_DEFINITIONS = (
					"DEBUG=1",
					"$(inherited)",
				);
				GCC_SYMBOLS_PRIVATE_EXTERN = NO;
				GCC_WARN_ABOUT_RETURN_TYPE = YES;
				GCC_WARN_UNINITIALIZED_AUTOS = YES;
				GCC_WARN_UNUSED_VARIABLE = YES;
				IPHONEOS_DEPLOYMENT_TARGET = 6.0;
				ONLY_ACTIVE_ARCH = YES;
				SDKROOT = iphoneos;
				TARGETED_DEVICE_FAMILY = "1,2";
			};
			name = Debug;
		};
		189C33D2169C9B4900EFE673 /* Release */ = {
			isa = XCBuildConfiguration;
			buildSettings = {
				ALWAYS_SEARCH_USER_PATHS = NO;
				CLANG_CXX_LANGUAGE_STANDARD = "gnu++0x";
				CLANG_CXX_LIBRARY = "libc++";
				CLANG_ENABLE_OBJC_ARC = YES;
				CLANG_WARN_EMPTY_BODY = YES;
				CLANG_WARN__DUPLICATE_METHOD_MATCH = YES;
				"CODE_SIGN_IDENTITY[sdk=iphoneos*]" = "iPhone Developer";
				COPY_PHASE_STRIP = YES;
				GCC_C_LANGUAGE_STANDARD = gnu99;
				GCC_WARN_ABOUT_RETURN_TYPE = YES;
				GCC_WARN_UNINITIALIZED_AUTOS = YES;
				GCC_WARN_UNUSED_VARIABLE = YES;
				IPHONEOS_DEPLOYMENT_TARGET = 6.0;
				OTHER_CFLAGS = "-DNS_BLOCK_ASSERTIONS=1";
				SDKROOT = iphoneos;
				TARGETED_DEVICE_FAMILY = "1,2";
				VALIDATE_PRODUCT = YES;
			};
			name = Release;
		};
		189C33D4169C9B4900EFE673 /* Debug */ = {
			isa = XCBuildConfiguration;
			baseConfigurationReference = 0BD8A615C145409CA35D99D0 /* Pods.xcconfig */;
			buildSettings = {
				GCC_PRECOMPILE_PREFIX_HEADER = YES;
				GCC_PREFIX_HEADER = "DivRssReader/DivRssReader-Prefix.pch";
				INFOPLIST_FILE = "DivRssReader/DivRssReader-Info.plist";
				PRODUCT_NAME = "$(TARGET_NAME)";
				TARGETED_DEVICE_FAMILY = 1;
				WRAPPER_EXTENSION = app;
			};
			name = Debug;
		};
		189C33D5169C9B4900EFE673 /* Release */ = {
			isa = XCBuildConfiguration;
			baseConfigurationReference = 0BD8A615C145409CA35D99D0 /* Pods.xcconfig */;
			buildSettings = {
				GCC_PRECOMPILE_PREFIX_HEADER = YES;
				GCC_PREFIX_HEADER = "DivRssReader/DivRssReader-Prefix.pch";
				INFOPLIST_FILE = "DivRssReader/DivRssReader-Info.plist";
				PRODUCT_NAME = "$(TARGET_NAME)";
				TARGETED_DEVICE_FAMILY = 1;
				WRAPPER_EXTENSION = app;
			};
			name = Release;
		};
/* End XCBuildConfiguration section */

/* Begin XCConfigurationList section */
		189C339B169C9B4800EFE673 /* Build configuration list for PBXProject "DivRssReader" */ = {
			isa = XCConfigurationList;
			buildConfigurations = (
				189C33D1169C9B4900EFE673 /* Debug */,
				189C33D2169C9B4900EFE673 /* Release */,
			);
			defaultConfigurationIsVisible = 0;
			defaultConfigurationName = Release;
		};
		189C33D3169C9B4900EFE673 /* Build configuration list for PBXNativeTarget "DivRssReader" */ = {
			isa = XCConfigurationList;
			buildConfigurations = (
				189C33D4169C9B4900EFE673 /* Debug */,
				189C33D5169C9B4900EFE673 /* Release */,
			);
			defaultConfigurationIsVisible = 0;
			defaultConfigurationName = Release;
		};
/* End XCConfigurationList section */

/* Begin XCVersionGroup section */
		189C3403169CB44E00EFE673 /* DivRss.xcdatamodeld */ = {
			isa = XCVersionGroup;
			children = (
				189C3404169CB44E00EFE673 /* DivRss.xcdatamodel */,
			);
			currentVersion = 189C3404169CB44E00EFE673 /* DivRss.xcdatamodel */;
			path = DivRss.xcdatamodeld;
			sourceTree = "<group>";
			versionGroupType = wrapper.xcdatamodel;
		};
/* End XCVersionGroup section */
	};
	rootObject = 189C3398169C9B4800EFE673 /* Project object */;
}
